
Microsoft Visual Studio Solution File, Format Version 12.00
# Visual Studio Version 17
VisualStudioVersion = 17.8.34525.116
MinimumVisualStudioVersion = 10.0.40219.1
Project("{FAE04EC0-301F-11D3-BF4B-00C04F79EFBC}") = "RegistrationForm", "StudentRegistration\RegistrationForm.csproj", "{94B48885-77DA-472A-95E3-BCDC68EE146E}"
EndProject
Global
	GlobalSection(SolutionConfigurationPlatforms) = preSolution
		Debug|Any CPU = Debug|Any CPU
		Release|Any CPU = Release|Any CPU
	EndGlobalSection
	GlobalSection(ProjectConfigurationPlatforms) = postSolution
		{94B48885-77DA-472A-95E3-BCDC68EE146E}.Debug|Any CPU.ActiveCfg = Debug|Any CPU
		{94B48885-77DA-472A-95E3-BCDC68EE146E}.Debug|Any CPU.Build.0 = Debug|Any CPU
		{94B48885-77DA-472A-95E3-BCDC68EE146E}.Release|Any CPU.ActiveCfg = Release|Any CPU
		{94B48885-77DA-472A-95E3-BCDC68EE146E}.Release|Any CPU.Build.0 = Release|Any CPU
	EndGlobalSection
	GlobalSection(SolutionProperties) = preSolution
		HideSolutionNode = FALSE
	EndGlobalSection
	GlobalSection(ExtensibilityGlobals) = postSolution
		SolutionGuid = {E8A89B43-EBAD-407D-A8B1-68F94C416309}
	EndGlobalSection
EndGlobal
